
Microsoft Visual Studio Solution File, Format Version 12.00
# Visual Studio Version 17
VisualStudioVersion = 17.14.36717.8
MinimumVisualStudioVersion = 10.0.40219.1
Project("{2150E333-8FDC-42A3-9474-1A3956D46DE8}") = "CreationalPatterns", "CreationalPatterns", "{FB3B0A2D-FAA1-7B64-44ED-839676C58401}"
EndProject
Project("{FAE04EC0-301F-11D3-BF4B-00C04F79EFBC}") = "FactoryMethod", "CreationalPatterns\FactoryMethod\FactoryMethod.csproj", "{1FAE2F9B-BD58-4202-A995-A3763E7F29D2}"
EndProject
Project("{2150E333-8FDC-42A3-9474-1A3956D46DE8}") = "Itens de Solução", "Itens de Solução", "{B2308D14-40F2-481A-B7CB-DE86E3987ECF}"
	ProjectSection(SolutionItems) = preProject
		Behavioral Patterns.md = Behavioral Patterns.md
		Creational Patterns.md = Creational Patterns.md
		Structural Patterns.md = Structural Patterns.md
	EndProjectSection
EndProject
Project("{FAE04EC0-301F-11D3-BF4B-00C04F79EFBC}") = "AbstractFactory", "CreationalPatterns\AbstractFactory\AbstractFactory.csproj", "{1E5C53C5-5550-4542-8000-134432D51B99}"
EndProject
Project("{FAE04EC0-301F-11D3-BF4B-00C04F79EFBC}") = "Builder", "CreationalPatterns\Builder\Builder.csproj", "{2C96DCF2-7F51-4253-B682-5DE74CB19825}"
EndProject
Project("{FAE04EC0-301F-11D3-BF4B-00C04F79EFBC}") = "Prototype", "CreationalPatterns\Prototype\Prototype.csproj", "{77BB19BC-9ABD-4982-AEB7-AAA37953C212}"
EndProject
Project("{FAE04EC0-301F-11D3-BF4B-00C04F79EFBC}") = "Singleton", "CreationalPatterns\Singleton\Singleton.csproj", "{DBA269BB-5B9B-4EC9-AE4F-0CED7B68138F}"
EndProject
Project("{2150E333-8FDC-42A3-9474-1A3956D46DE8}") = "StructuralPatterns", "StructuralPatterns", "{3644C5E3-2C3E-96E3-BD46-F213F08D758F}"
EndProject
Project("{FAE04EC0-301F-11D3-BF4B-00C04F79EFBC}") = "Adapter", "StructuralPatterns\Adapter\Adapter.csproj", "{E8DD43A0-1C48-4B7D-8966-9E6DA7F349CD}"
EndProject
Project("{FAE04EC0-301F-11D3-BF4B-00C04F79EFBC}") = "Bridge", "StructuralPatterns\Bridge\Bridge.csproj", "{BB29743C-CCCD-4BCA-9D60-B77AD1057DDA}"
EndProject
Project("{FAE04EC0-301F-11D3-BF4B-00C04F79EFBC}") = "Composite", "StructuralPatterns\Composite\Composite.csproj", "{24896AE5-79A3-453C-AB38-F8FF4F9E9778}"
EndProject
Project("{FAE04EC0-301F-11D3-BF4B-00C04F79EFBC}") = "Decorator", "StructuralPatterns\Decorator\Decorator.csproj", "{1284C266-5783-4067-8098-CD4534BCBB29}"
EndProject
Project("{FAE04EC0-301F-11D3-BF4B-00C04F79EFBC}") = "Facade", "StructuralPatterns\Facade\Facade.csproj", "{93637ECA-2E82-4540-922C-75CD91C72365}"
EndProject
Project("{FAE04EC0-301F-11D3-BF4B-00C04F79EFBC}") = "Flyweight", "StructuralPatterns\Flyweight\Flyweight.csproj", "{9630790E-A40D-4F1B-9939-C1E7CC4EC91B}"
EndProject
Project("{FAE04EC0-301F-11D3-BF4B-00C04F79EFBC}") = "Proxy", "StructuralPatterns\Proxy\Proxy.csproj", "{2B756213-EFD6-4010-9F6F-C6E69D5DFFE6}"
EndProject
Project("{2150E333-8FDC-42A3-9474-1A3956D46DE8}") = "BehavioralPatterns", "BehavioralPatterns", "{4C805B13-F5D4-CBF9-D08F-B12966B89DD5}"
EndProject
Project("{FAE04EC0-301F-11D3-BF4B-00C04F79EFBC}") = "ChainOfResponsibility", "BehavioralPatterns\ChainOfResponsibility\ChainOfResponsibility.csproj", "{B368CA0B-77D3-49FA-B529-C363A705714C}"
EndProject
Project("{FAE04EC0-301F-11D3-BF4B-00C04F79EFBC}") = "Command", "BehavioralPatterns\Command\Command.csproj", "{5575B7C9-2DD8-41BF-A6D0-D646F6181111}"
EndProject
Project("{FAE04EC0-301F-11D3-BF4B-00C04F79EFBC}") = "Iterator", "BehavioralPatterns\Iterator\Iterator.csproj", "{90E171F1-3BC5-4179-AD23-614C604C8F29}"
EndProject
Project("{FAE04EC0-301F-11D3-BF4B-00C04F79EFBC}") = "Mediator", "BehavioralPatterns\Mediator\Mediator.csproj", "{2CA45973-50B9-41F9-BF4F-DC2C7AD1CA84}"
EndProject
Project("{FAE04EC0-301F-11D3-BF4B-00C04F79EFBC}") = "Memento", "BehavioralPatterns\Memento\Memento.csproj", "{D059FE0B-02A4-447C-84A0-0F995C93B751}"
EndProject
Project("{FAE04EC0-301F-11D3-BF4B-00C04F79EFBC}") = "Observer", "BehavioralPatterns\Observer\Observer.csproj", "{83129A99-CB7C-4F28-9E1E-A31E0B87B1A5}"
EndProject
Global
	GlobalSection(SolutionConfigurationPlatforms) = preSolution
		Debug|Any CPU = Debug|Any CPU
		Debug|x64 = Debug|x64
		Debug|x86 = Debug|x86
		Release|Any CPU = Release|Any CPU
		Release|x64 = Release|x64
		Release|x86 = Release|x86
	EndGlobalSection
	GlobalSection(ProjectConfigurationPlatforms) = postSolution
		{1FAE2F9B-BD58-4202-A995-A3763E7F29D2}.Debug|Any CPU.ActiveCfg = Debug|Any CPU
		{1FAE2F9B-BD58-4202-A995-A3763E7F29D2}.Debug|Any CPU.Build.0 = Debug|Any CPU
		{1FAE2F9B-BD58-4202-A995-A3763E7F29D2}.Debug|x64.ActiveCfg = Debug|Any CPU
		{1FAE2F9B-BD58-4202-A995-A3763E7F29D2}.Debug|x64.Build.0 = Debug|Any CPU
		{1FAE2F9B-BD58-4202-A995-A3763E7F29D2}.Debug|x86.ActiveCfg = Debug|Any CPU
		{1FAE2F9B-BD58-4202-A995-A3763E7F29D2}.Debug|x86.Build.0 = Debug|Any CPU
		{1FAE2F9B-BD58-4202-A995-A3763E7F29D2}.Release|Any CPU.ActiveCfg = Release|Any CPU
		{1FAE2F9B-BD58-4202-A995-A3763E7F29D2}.Release|Any CPU.Build.0 = Release|Any CPU
		{1FAE2F9B-BD58-4202-A995-A3763E7F29D2}.Release|x64.ActiveCfg = Release|Any CPU
		{1FAE2F9B-BD58-4202-A995-A3763E7F29D2}.Release|x64.Build.0 = Release|Any CPU
		{1FAE2F9B-BD58-4202-A995-A3763E7F29D2}.Release|x86.ActiveCfg = Release|Any CPU
		{1FAE2F9B-BD58-4202-A995-A3763E7F29D2}.Release|x86.Build.0 = Release|Any CPU
		{1E5C53C5-5550-4542-8000-134432D51B99}.Debug|Any CPU.ActiveCfg = Debug|Any CPU
		{1E5C53C5-5550-4542-8000-134432D51B99}.Debug|Any CPU.Build.0 = Debug|Any CPU
		{1E5C53C5-5550-4542-8000-134432D51B99}.Debug|x64.ActiveCfg = Debug|Any CPU
		{1E5C53C5-5550-4542-8000-134432D51B99}.Debug|x64.Build.0 = Debug|Any CPU
		{1E5C53C5-5550-4542-8000-134432D51B99}.Debug|x86.ActiveCfg = Debug|Any CPU
		{1E5C53C5-5550-4542-8000-134432D51B99}.Debug|x86.Build.0 = Debug|Any CPU
		{1E5C53C5-5550-4542-8000-134432D51B99}.Release|Any CPU.ActiveCfg = Release|Any CPU
		{1E5C53C5-5550-4542-8000-134432D51B99}.Release|Any CPU.Build.0 = Release|Any CPU
		{1E5C53C5-5550-4542-8000-134432D51B99}.Release|x64.ActiveCfg = Release|Any CPU
		{1E5C53C5-5550-4542-8000-134432D51B99}.Release|x64.Build.0 = Release|Any CPU
		{1E5C53C5-5550-4542-8000-134432D51B99}.Release|x86.ActiveCfg = Release|Any CPU
		{1E5C53C5-5550-4542-8000-134432D51B99}.Release|x86.Build.0 = Release|Any CPU
		{2C96DCF2-7F51-4253-B682-5DE74CB19825}.Debug|Any CPU.ActiveCfg = Debug|Any CPU
		{2C96DCF2-7F51-4253-B682-5DE74CB19825}.Debug|Any CPU.Build.0 = Debug|Any CPU
		{2C96DCF2-7F51-4253-B682-5DE74CB19825}.Debug|x64.ActiveCfg = Debug|Any CPU
		{2C96DCF2-7F51-4253-B682-5DE74CB19825}.Debug|x64.Build.0 = Debug|Any CPU
		{2C96DCF2-7F51-4253-B682-5DE74CB19825}.Debug|x86.ActiveCfg = Debug|Any CPU
		{2C96DCF2-7F51-4253-B682-5DE74CB19825}.Debug|x86.Build.0 = Debug|Any CPU
		{2C96DCF2-7F51-4253-B682-5DE74CB19825}.Release|Any CPU.ActiveCfg = Release|Any CPU
		{2C96DCF2-7F51-4253-B682-5DE74CB19825}.Release|Any CPU.Build.0 = Release|Any CPU
		{2C96DCF2-7F51-4253-B682-5DE74CB19825}.Release|x64.ActiveCfg = Release|Any CPU
		{2C96DCF2-7F51-4253-B682-5DE74CB19825}.Release|x64.Build.0 = Release|Any CPU
		{2C96DCF2-7F51-4253-B682-5DE74CB19825}.Release|x86.ActiveCfg = Release|Any CPU
		{2C96DCF2-7F51-4253-B682-5DE74CB19825}.Release|x86.Build.0 = Release|Any CPU
		{77BB19BC-9ABD-4982-AEB7-AAA37953C212}.Debug|Any CPU.ActiveCfg = Debug|Any CPU
		{77BB19BC-9ABD-4982-AEB7-AAA37953C212}.Debug|Any CPU.Build.0 = Debug|Any CPU
		{77BB19BC-9ABD-4982-AEB7-AAA37953C212}.Debug|x64.ActiveCfg = Debug|Any CPU
		{77BB19BC-9ABD-4982-AEB7-AAA37953C212}.Debug|x64.Build.0 = Debug|Any CPU
		{77BB19BC-9ABD-4982-AEB7-AAA37953C212}.Debug|x86.ActiveCfg = Debug|Any CPU
		{77BB19BC-9ABD-4982-AEB7-AAA37953C212}.Debug|x86.Build.0 = Debug|Any CPU
		{77BB19BC-9ABD-4982-AEB7-AAA37953C212}.Release|Any CPU.ActiveCfg = Release|Any CPU
		{77BB19BC-9ABD-4982-AEB7-AAA37953C212}.Release|Any CPU.Build.0 = Release|Any CPU
		{77BB19BC-9ABD-4982-AEB7-AAA37953C212}.Release|x64.ActiveCfg = Release|Any CPU
		{77BB19BC-9ABD-4982-AEB7-AAA37953C212}.Release|x64.Build.0 = Release|Any CPU
		{77BB19BC-9ABD-4982-AEB7-AAA37953C212}.Release|x86.ActiveCfg = Release|Any CPU
		{77BB19BC-9ABD-4982-AEB7-AAA37953C212}.Release|x86.Build.0 = Release|Any CPU
		{DBA269BB-5B9B-4EC9-AE4F-0CED7B68138F}.Debug|Any CPU.ActiveCfg = Debug|Any CPU
		{DBA269BB-5B9B-4EC9-AE4F-0CED7B68138F}.Debug|Any CPU.Build.0 = Debug|Any CPU
		{DBA269BB-5B9B-4EC9-AE4F-0CED7B68138F}.Debug|x64.ActiveCfg = Debug|Any CPU
		{DBA269BB-5B9B-4EC9-AE4F-0CED7B68138F}.Debug|x64.Build.0 = Debug|Any CPU
		{DBA269BB-5B9B-4EC9-AE4F-0CED7B68138F}.Debug|x86.ActiveCfg = Debug|Any CPU
		{DBA269BB-5B9B-4EC9-AE4F-0CED7B68138F}.Debug|x86.Build.0 = Debug|Any CPU
		{DBA269BB-5B9B-4EC9-AE4F-0CED7B68138F}.Release|Any CPU.ActiveCfg = Release|Any CPU
		{DBA269BB-5B9B-4EC9-AE4F-0CED7B68138F}.Release|Any CPU.Build.0 = Release|Any CPU
		{DBA269BB-5B9B-4EC9-AE4F-0CED7B68138F}.Release|x64.ActiveCfg = Release|Any CPU
		{DBA269BB-5B9B-4EC9-AE4F-0CED7B68138F}.Release|x64.Build.0 = Release|Any CPU
		{DBA269BB-5B9B-4EC9-AE4F-0CED7B68138F}.Release|x86.ActiveCfg = Release|Any CPU
		{DBA269BB-5B9B-4EC9-AE4F-0CED7B68138F}.Release|x86.Build.0 = Release|Any CPU
		{E8DD43A0-1C48-4B7D-8966-9E6DA7F349CD}.Debug|Any CPU.ActiveCfg = Debug|Any CPU
		{E8DD43A0-1C48-4B7D-8966-9E6DA7F349CD}.Debug|Any CPU.Build.0 = Debug|Any CPU
		{E8DD43A0-1C48-4B7D-8966-9E6DA7F349CD}.Debug|x64.ActiveCfg = Debug|Any CPU
		{E8DD43A0-1C48-4B7D-8966-9E6DA7F349CD}.Debug|x64.Build.0 = Debug|Any CPU
		{E8DD43A0-1C48-4B7D-8966-9E6DA7F349CD}.Debug|x86.ActiveCfg = Debug|Any CPU
		{E8DD43A0-1C48-4B7D-8966-9E6DA7F349CD}.Debug|x86.Build.0 = Debug|Any CPU
		{E8DD43A0-1C48-4B7D-8966-9E6DA7F349CD}.Release|Any CPU.ActiveCfg = Release|Any CPU
		{E8DD43A0-1C48-4B7D-8966-9E6DA7F349CD}.Release|Any CPU.Build.0 = Release|Any CPU
		{E8DD43A0-1C48-4B7D-8966-9E6DA7F349CD}.Release|x64.ActiveCfg = Release|Any CPU
		{E8DD43A0-1C48-4B7D-8966-9E6DA7F349CD}.Release|x64.Build.0 = Release|Any CPU
		{E8DD43A0-1C48-4B7D-8966-9E6DA7F349CD}.Release|x86.ActiveCfg = Release|Any CPU
		{E8DD43A0-1C48-4B7D-8966-9E6DA7F349CD}.Release|x86.Build.0 = Release|Any CPU
		{BB29743C-CCCD-4BCA-9D60-B77AD1057DDA}.Debug|Any CPU.ActiveCfg = Debug|Any CPU
		{BB29743C-CCCD-4BCA-9D60-B77AD1057DDA}.Debug|Any CPU.Build.0 = Debug|Any CPU
		{BB29743C-CCCD-4BCA-9D60-B77AD1057DDA}.Debug|x64.ActiveCfg = Debug|Any CPU
		{BB29743C-CCCD-4BCA-9D60-B77AD1057DDA}.Debug|x64.Build.0 = Debug|Any CPU
		{BB29743C-CCCD-4BCA-9D60-B77AD1057DDA}.Debug|x86.ActiveCfg = Debug|Any CPU
		{BB29743C-CCCD-4BCA-9D60-B77AD1057DDA}.Debug|x86.Build.0 = Debug|Any CPU
		{BB29743C-CCCD-4BCA-9D60-B77AD1057DDA}.Release|Any CPU.ActiveCfg = Release|Any CPU
		{BB29743C-CCCD-4BCA-9D60-B77AD1057DDA}.Release|Any CPU.Build.0 = Release|Any CPU
		{BB29743C-CCCD-4BCA-9D60-B77AD1057DDA}.Release|x64.ActiveCfg = Release|Any CPU
		{BB29743C-CCCD-4BCA-9D60-B77AD1057DDA}.Release|x64.Build.0 = Release|Any CPU
		{BB29743C-CCCD-4BCA-9D60-B77AD1057DDA}.Release|x86.ActiveCfg = Release|Any CPU
		{BB29743C-CCCD-4BCA-9D60-B77AD1057DDA}.Release|x86.Build.0 = Release|Any CPU
		{24896AE5-79A3-453C-AB38-F8FF4F9E9778}.Debug|Any CPU.ActiveCfg = Debug|Any CPU
		{24896AE5-79A3-453C-AB38-F8FF4F9E9778}.Debug|Any CPU.Build.0 = Debug|Any CPU
		{24896AE5-79A3-453C-AB38-F8FF4F9E9778}.Debug|x64.ActiveCfg = Debug|Any CPU
		{24896AE5-79A3-453C-AB38-F8FF4F9E9778}.Debug|x64.Build.0 = Debug|Any CPU
		{24896AE5-79A3-453C-AB38-F8FF4F9E9778}.Debug|x86.ActiveCfg = Debug|Any CPU
		{24896AE5-79A3-453C-AB38-F8FF4F9E9778}.Debug|x86.Build.0 = Debug|Any CPU
		{24896AE5-79A3-453C-AB38-F8FF4F9E9778}.Release|Any CPU.ActiveCfg = Release|Any CPU
		{24896AE5-79A3-453C-AB38-F8FF4F9E9778}.Release|Any CPU.Build.0 = Release|Any CPU
		{24896AE5-79A3-453C-AB38-F8FF4F9E9778}.Release|x64.ActiveCfg = Release|Any CPU
		{24896AE5-79A3-453C-AB38-F8FF4F9E9778}.Release|x64.Build.0 = Release|Any CPU
		{24896AE5-79A3-453C-AB38-F8FF4F9E9778}.Release|x86.ActiveCfg = Release|Any CPU
		{24896AE5-79A3-453C-AB38-F8FF4F9E9778}.Release|x86.Build.0 = Release|Any CPU
		{1284C266-5783-4067-8098-CD4534BCBB29}.Debug|Any CPU.ActiveCfg = Debug|Any CPU
		{1284C266-5783-4067-8098-CD4534BCBB29}.Debug|Any CPU.Build.0 = Debug|Any CPU
		{1284C266-5783-4067-8098-CD4534BCBB29}.Debug|x64.ActiveCfg = Debug|Any CPU
		{1284C266-5783-4067-8098-CD4534BCBB29}.Debug|x64.Build.0 = Debug|Any CPU
		{1284C266-5783-4067-8098-CD4534BCBB29}.Debug|x86.ActiveCfg = Debug|Any CPU
		{1284C266-5783-4067-8098-CD4534BCBB29}.Debug|x86.Build.0 = Debug|Any CPU
		{1284C266-5783-4067-8098-CD4534BCBB29}.Release|Any CPU.ActiveCfg = Release|Any CPU
		{1284C266-5783-4067-8098-CD4534BCBB29}.Release|Any CPU.Build.0 = Release|Any CPU
		{1284C266-5783-4067-8098-CD4534BCBB29}.Release|x64.ActiveCfg = Release|Any CPU
		{1284C266-5783-4067-8098-CD4534BCBB29}.Release|x64.Build.0 = Release|Any CPU
		{1284C266-5783-4067-8098-CD4534BCBB29}.Release|x86.ActiveCfg = Release|Any CPU
		{1284C266-5783-4067-8098-CD4534BCBB29}.Release|x86.Build.0 = Release|Any CPU
		{93637ECA-2E82-4540-922C-75CD91C72365}.Debug|Any CPU.ActiveCfg = Debug|Any CPU
		{93637ECA-2E82-4540-922C-75CD91C72365}.Debug|Any CPU.Build.0 = Debug|Any CPU
		{93637ECA-2E82-4540-922C-75CD91C72365}.Debug|x64.ActiveCfg = Debug|Any CPU
		{93637ECA-2E82-4540-922C-75CD91C72365}.Debug|x64.Build.0 = Debug|Any CPU
		{93637ECA-2E82-4540-922C-75CD91C72365}.Debug|x86.ActiveCfg = Debug|Any CPU
		{93637ECA-2E82-4540-922C-75CD91C72365}.Debug|x86.Build.0 = Debug|Any CPU
		{93637ECA-2E82-4540-922C-75CD91C72365}.Release|Any CPU.ActiveCfg = Release|Any CPU
		{93637ECA-2E82-4540-922C-75CD91C72365}.Release|Any CPU.Build.0 = Release|Any CPU
		{93637ECA-2E82-4540-922C-75CD91C72365}.Release|x64.ActiveCfg = Release|Any CPU
		{93637ECA-2E82-4540-922C-75CD91C72365}.Release|x64.Build.0 = Release|Any CPU
		{93637ECA-2E82-4540-922C-75CD91C72365}.Release|x86.ActiveCfg = Release|Any CPU
		{93637ECA-2E82-4540-922C-75CD91C72365}.Release|x86.Build.0 = Release|Any CPU
		{9630790E-A40D-4F1B-9939-C1E7CC4EC91B}.Debug|Any CPU.ActiveCfg = Debug|Any CPU
		{9630790E-A40D-4F1B-9939-C1E7CC4EC91B}.Debug|Any CPU.Build.0 = Debug|Any CPU
		{9630790E-A40D-4F1B-9939-C1E7CC4EC91B}.Debug|x64.ActiveCfg = Debug|Any CPU
		{9630790E-A40D-4F1B-9939-C1E7CC4EC91B}.Debug|x64.Build.0 = Debug|Any CPU
		{9630790E-A40D-4F1B-9939-C1E7CC4EC91B}.Debug|x86.ActiveCfg = Debug|Any CPU
		{9630790E-A40D-4F1B-9939-C1E7CC4EC91B}.Debug|x86.Build.0 = Debug|Any CPU
		{9630790E-A40D-4F1B-9939-C1E7CC4EC91B}.Release|Any CPU.ActiveCfg = Release|Any CPU
		{9630790E-A40D-4F1B-9939-C1E7CC4EC91B}.Release|Any CPU.Build.0 = Release|Any CPU
		{9630790E-A40D-4F1B-9939-C1E7CC4EC91B}.Release|x64.ActiveCfg = Release|Any CPU
		{9630790E-A40D-4F1B-9939-C1E7CC4EC91B}.Release|x64.Build.0 = Release|Any CPU
		{9630790E-A40D-4F1B-9939-C1E7CC4EC91B}.Release|x86.ActiveCfg = Release|Any CPU
		{9630790E-A40D-4F1B-9939-C1E7CC4EC91B}.Release|x86.Build.0 = Release|Any CPU
		{2B756213-EFD6-4010-9F6F-C6E69D5DFFE6}.Debug|Any CPU.ActiveCfg = Debug|Any CPU
		{2B756213-EFD6-4010-9F6F-C6E69D5DFFE6}.Debug|Any CPU.Build.0 = Debug|Any CPU
		{2B756213-EFD6-4010-9F6F-C6E69D5DFFE6}.Debug|x64.ActiveCfg = Debug|Any CPU
		{2B756213-EFD6-4010-9F6F-C6E69D5DFFE6}.Debug|x64.Build.0 = Debug|Any CPU
		{2B756213-EFD6-4010-9F6F-C6E69D5DFFE6}.Debug|x86.ActiveCfg = Debug|Any CPU
		{2B756213-EFD6-4010-9F6F-C6E69D5DFFE6}.Debug|x86.Build.0 = Debug|Any CPU
		{2B756213-EFD6-4010-9F6F-C6E69D5DFFE6}.Release|Any CPU.ActiveCfg = Release|Any CPU
		{2B756213-EFD6-4010-9F6F-C6E69D5DFFE6}.Release|Any CPU.Build.0 = Release|Any CPU
		{2B756213-EFD6-4010-9F6F-C6E69D5DFFE6}.Release|x64.ActiveCfg = Release|Any CPU
		{2B756213-EFD6-4010-9F6F-C6E69D5DFFE6}.Release|x64.Build.0 = Release|Any CPU
		{2B756213-EFD6-4010-9F6F-C6E69D5DFFE6}.Release|x86.ActiveCfg = Release|Any CPU
		{2B756213-EFD6-4010-9F6F-C6E69D5DFFE6}.Release|x86.Build.0 = Release|Any CPU
		{B368CA0B-77D3-49FA-B529-C363A705714C}.Debug|Any CPU.ActiveCfg = Debug|Any CPU
		{B368CA0B-77D3-49FA-B529-C363A705714C}.Debug|Any CPU.Build.0 = Debug|Any CPU
		{B368CA0B-77D3-49FA-B529-C363A705714C}.Debug|x64.ActiveCfg = Debug|Any CPU
		{B368CA0B-77D3-49FA-B529-C363A705714C}.Debug|x64.Build.0 = Debug|Any CPU
		{B368CA0B-77D3-49FA-B529-C363A705714C}.Debug|x86.ActiveCfg = Debug|Any CPU
		{B368CA0B-77D3-49FA-B529-C363A705714C}.Debug|x86.Build.0 = Debug|Any CPU
		{B368CA0B-77D3-49FA-B529-C363A705714C}.Release|Any CPU.ActiveCfg = Release|Any CPU
		{B368CA0B-77D3-49FA-B529-C363A705714C}.Release|Any CPU.Build.0 = Release|Any CPU
		{B368CA0B-77D3-49FA-B529-C363A705714C}.Release|x64.ActiveCfg = Release|Any CPU
		{B368CA0B-77D3-49FA-B529-C363A705714C}.Release|x64.Build.0 = Release|Any CPU
		{B368CA0B-77D3-49FA-B529-C363A705714C}.Release|x86.ActiveCfg = Release|Any CPU
		{B368CA0B-77D3-49FA-B529-C363A705714C}.Release|x86.Build.0 = Release|Any CPU
		{5575B7C9-2DD8-41BF-A6D0-D646F6181111}.Debug|Any CPU.ActiveCfg = Debug|Any CPU
		{5575B7C9-2DD8-41BF-A6D0-D646F6181111}.Debug|Any CPU.Build.0 = Debug|Any CPU
		{5575B7C9-2DD8-41BF-A6D0-D646F6181111}.Debug|x64.ActiveCfg = Debug|Any CPU
		{5575B7C9-2DD8-41BF-A6D0-D646F6181111}.Debug|x64.Build.0 = Debug|Any CPU
		{5575B7C9-2DD8-41BF-A6D0-D646F6181111}.Debug|x86.ActiveCfg = Debug|Any CPU
		{5575B7C9-2DD8-41BF-A6D0-D646F6181111}.Debug|x86.Build.0 = Debug|Any CPU
		{5575B7C9-2DD8-41BF-A6D0-D646F6181111}.Release|Any CPU.ActiveCfg = Release|Any CPU
		{5575B7C9-2DD8-41BF-A6D0-D646F6181111}.Release|Any CPU.Build.0 = Release|Any CPU
		{5575B7C9-2DD8-41BF-A6D0-D646F6181111}.Release|x64.ActiveCfg = Release|Any CPU
		{5575B7C9-2DD8-41BF-A6D0-D646F6181111}.Release|x64.Build.0 = Release|Any CPU
		{5575B7C9-2DD8-41BF-A6D0-D646F6181111}.Release|x86.ActiveCfg = Release|Any CPU
		{5575B7C9-2DD8-41BF-A6D0-D646F6181111}.Release|x86.Build.0 = Release|Any CPU
		{90E171F1-3BC5-4179-AD23-614C604C8F29}.Debug|Any CPU.ActiveCfg = Debug|Any CPU
		{90E171F1-3BC5-4179-AD23-614C604C8F29}.Debug|Any CPU.Build.0 = Debug|Any CPU
		{90E171F1-3BC5-4179-AD23-614C604C8F29}.Debug|x64.ActiveCfg = Debug|Any CPU
		{90E171F1-3BC5-4179-AD23-614C604C8F29}.Debug|x64.Build.0 = Debug|Any CPU
		{90E171F1-3BC5-4179-AD23-614C604C8F29}.Debug|x86.ActiveCfg = Debug|Any CPU
		{90E171F1-3BC5-4179-AD23-614C604C8F29}.Debug|x86.Build.0 = Debug|Any CPU
		{90E171F1-3BC5-4179-AD23-614C604C8F29}.Release|Any CPU.ActiveCfg = Release|Any CPU
		{90E171F1-3BC5-4179-AD23-614C604C8F29}.Release|Any CPU.Build.0 = Release|Any CPU
		{90E171F1-3BC5-4179-AD23-614C604C8F29}.Release|x64.ActiveCfg = Release|Any CPU
		{90E171F1-3BC5-4179-AD23-614C604C8F29}.Release|x64.Build.0 = Release|Any CPU
		{90E171F1-3BC5-4179-AD23-614C604C8F29}.Release|x86.ActiveCfg = Release|Any CPU
		{90E171F1-3BC5-4179-AD23-614C604C8F29}.Release|x86.Build.0 = Release|Any CPU
		{2CA45973-50B9-41F9-BF4F-DC2C7AD1CA84}.Debug|Any CPU.ActiveCfg = Debug|Any CPU
		{2CA45973-50B9-41F9-BF4F-DC2C7AD1CA84}.Debug|Any CPU.Build.0 = Debug|Any CPU
		{2CA45973-50B9-41F9-BF4F-DC2C7AD1CA84}.Debug|x64.ActiveCfg = Debug|Any CPU
		{2CA45973-50B9-41F9-BF4F-DC2C7AD1CA84}.Debug|x64.Build.0 = Debug|Any CPU
		{2CA45973-50B9-41F9-BF4F-DC2C7AD1CA84}.Debug|x86.ActiveCfg = Debug|Any CPU
		{2CA45973-50B9-41F9-BF4F-DC2C7AD1CA84}.Debug|x86.Build.0 = Debug|Any CPU
		{2CA45973-50B9-41F9-BF4F-DC2C7AD1CA84}.Release|Any CPU.ActiveCfg = Release|Any CPU
		{2CA45973-50B9-41F9-BF4F-DC2C7AD1CA84}.Release|Any CPU.Build.0 = Release|Any CPU
		{2CA45973-50B9-41F9-BF4F-DC2C7AD1CA84}.Release|x64.ActiveCfg = Release|Any CPU
		{2CA45973-50B9-41F9-BF4F-DC2C7AD1CA84}.Release|x64.Build.0 = Release|Any CPU
		{2CA45973-50B9-41F9-BF4F-DC2C7AD1CA84}.Release|x86.ActiveCfg = Release|Any CPU
		{2CA45973-50B9-41F9-BF4F-DC2C7AD1CA84}.Release|x86.Build.0 = Release|Any CPU
		{D059FE0B-02A4-447C-84A0-0F995C93B751}.Debug|Any CPU.ActiveCfg = Debug|Any CPU
		{D059FE0B-02A4-447C-84A0-0F995C93B751}.Debug|Any CPU.Build.0 = Debug|Any CPU
		{D059FE0B-02A4-447C-84A0-0F995C93B751}.Debug|x64.ActiveCfg = Debug|Any CPU
		{D059FE0B-02A4-447C-84A0-0F995C93B751}.Debug|x64.Build.0 = Debug|Any CPU
		{D059FE0B-02A4-447C-84A0-0F995C93B751}.Debug|x86.ActiveCfg = Debug|Any CPU
		{D059FE0B-02A4-447C-84A0-0F995C93B751}.Debug|x86.Build.0 = Debug|Any CPU
		{D059FE0B-02A4-447C-84A0-0F995C93B751}.Release|Any CPU.ActiveCfg = Release|Any CPU
		{D059FE0B-02A4-447C-84A0-0F995C93B751}.Release|Any CPU.Build.0 = Release|Any CPU
		{D059FE0B-02A4-447C-84A0-0F995C93B751}.Release|x64.ActiveCfg = Release|Any CPU
		{D059FE0B-02A4-447C-84A0-0F995C93B751}.Release|x64.Build.0 = Release|Any CPU
		{D059FE0B-02A4-447C-84A0-0F995C93B751}.Release|x86.ActiveCfg = Release|Any CPU
		{D059FE0B-02A4-447C-84A0-0F995C93B751}.Release|x86.Build.0 = Release|Any CPU
		{83129A99-CB7C-4F28-9E1E-A31E0B87B1A5}.Debug|Any CPU.ActiveCfg = Debug|Any CPU
		{83129A99-CB7C-4F28-9E1E-A31E0B87B1A5}.Debug|Any CPU.Build.0 = Debug|Any CPU
		{83129A99-CB7C-4F28-9E1E-A31E0B87B1A5}.Debug|x64.ActiveCfg = Debug|Any CPU
		{83129A99-CB7C-4F28-9E1E-A31E0B87B1A5}.Debug|x64.Build.0 = Debug|Any CPU
		{83129A99-CB7C-4F28-9E1E-A31E0B87B1A5}.Debug|x86.ActiveCfg = Debug|Any CPU
		{83129A99-CB7C-4F28-9E1E-A31E0B87B1A5}.Debug|x86.Build.0 = Debug|Any CPU
		{83129A99-CB7C-4F28-9E1E-A31E0B87B1A5}.Release|Any CPU.ActiveCfg = Release|Any CPU
		{83129A99-CB7C-4F28-9E1E-A31E0B87B1A5}.Release|Any CPU.Build.0 = Release|Any CPU
		{83129A99-CB7C-4F28-9E1E-A31E0B87B1A5}.Release|x64.ActiveCfg = Release|Any CPU
		{83129A99-CB7C-4F28-9E1E-A31E0B87B1A5}.Release|x64.Build.0 = Release|Any CPU
		{83129A99-CB7C-4F28-9E1E-A31E0B87B1A5}.Release|x86.ActiveCfg = Release|Any CPU
		{83129A99-CB7C-4F28-9E1E-A31E0B87B1A5}.Release|x86.Build.0 = Release|Any CPU
	EndGlobalSection
	GlobalSection(SolutionProperties) = preSolution
		HideSolutionNode = FALSE
	EndGlobalSection
	GlobalSection(NestedProjects) = preSolution
		{1FAE2F9B-BD58-4202-A995-A3763E7F29D2} = {FB3B0A2D-FAA1-7B64-44ED-839676C58401}
		{1E5C53C5-5550-4542-8000-134432D51B99} = {FB3B0A2D-FAA1-7B64-44ED-839676C58401}
		{2C96DCF2-7F51-4253-B682-5DE74CB19825} = {FB3B0A2D-FAA1-7B64-44ED-839676C58401}
		{77BB19BC-9ABD-4982-AEB7-AAA37953C212} = {FB3B0A2D-FAA1-7B64-44ED-839676C58401}
		{DBA269BB-5B9B-4EC9-AE4F-0CED7B68138F} = {FB3B0A2D-FAA1-7B64-44ED-839676C58401}
		{E8DD43A0-1C48-4B7D-8966-9E6DA7F349CD} = {3644C5E3-2C3E-96E3-BD46-F213F08D758F}
		{BB29743C-CCCD-4BCA-9D60-B77AD1057DDA} = {3644C5E3-2C3E-96E3-BD46-F213F08D758F}
		{24896AE5-79A3-453C-AB38-F8FF4F9E9778} = {3644C5E3-2C3E-96E3-BD46-F213F08D758F}
		{1284C266-5783-4067-8098-CD4534BCBB29} = {3644C5E3-2C3E-96E3-BD46-F213F08D758F}
		{93637ECA-2E82-4540-922C-75CD91C72365} = {3644C5E3-2C3E-96E3-BD46-F213F08D758F}
		{9630790E-A40D-4F1B-9939-C1E7CC4EC91B} = {3644C5E3-2C3E-96E3-BD46-F213F08D758F}
		{2B756213-EFD6-4010-9F6F-C6E69D5DFFE6} = {3644C5E3-2C3E-96E3-BD46-F213F08D758F}
		{B368CA0B-77D3-49FA-B529-C363A705714C} = {4C805B13-F5D4-CBF9-D08F-B12966B89DD5}
		{5575B7C9-2DD8-41BF-A6D0-D646F6181111} = {4C805B13-F5D4-CBF9-D08F-B12966B89DD5}
		{90E171F1-3BC5-4179-AD23-614C604C8F29} = {4C805B13-F5D4-CBF9-D08F-B12966B89DD5}
		{2CA45973-50B9-41F9-BF4F-DC2C7AD1CA84} = {4C805B13-F5D4-CBF9-D08F-B12966B89DD5}
		{D059FE0B-02A4-447C-84A0-0F995C93B751} = {4C805B13-F5D4-CBF9-D08F-B12966B89DD5}
		{83129A99-CB7C-4F28-9E1E-A31E0B87B1A5} = {4C805B13-F5D4-CBF9-D08F-B12966B89DD5}
	EndGlobalSection
	GlobalSection(ExtensibilityGlobals) = postSolution
		SolutionGuid = {F8E1C48F-75A4-4AF4-9A36-FB84F66BB2D4}
	EndGlobalSection
EndGlobal
