
Microsoft Visual Studio Solution File, Format Version 12.00
# Visual Studio Version 17
VisualStudioVersion = 17.0.31903.59
MinimumVisualStudioVersion = 10.0.40219.1
Project("{2150E333-8FDC-42A3-9474-1A3956D46DE8}") = "CreationalPatterns", "CreationalPatterns", "{CA26CADB-B473-4F7C-A3F0-00CB1EEF4A81}"
	ProjectSection(SolutionItems) = preProject
		Creational Patterns.md = Creational Patterns.md
	EndProjectSection
EndProject
Project("{2150E333-8FDC-42A3-9474-1A3956D46DE8}") = "BehavioralPatterns", "BehavioralPatterns", "{DF148A0D-939B-432C-A222-7C389BF05E31}"
	ProjectSection(SolutionItems) = preProject
		Behavioral Patterns.md = Behavioral Patterns.md
	EndProjectSection
EndProject
Project("{2150E333-8FDC-42A3-9474-1A3956D46DE8}") = "StructuralPatterns", "StructuralPatterns", "{D605E6F8-CB7B-4242-B146-8DF29F4B4F65}"
	ProjectSection(SolutionItems) = preProject
		Structural Patterns.md = Structural Patterns.md
	EndProjectSection
EndProject
Project("{FAE04EC0-301F-11D3-BF4B-00C04F79EFBC}") = "FactoryMethod", "CreationalPatterns\FactoryMethod\FactoryMethod.csproj", "{CFC43FDC-B569-459A-8ED0-EE56B047319F}"
EndProject
Global
	GlobalSection(SolutionConfigurationPlatforms) = preSolution
		Debug|Any CPU = Debug|Any CPU
		Release|Any CPU = Release|Any CPU
	EndGlobalSection
	GlobalSection(ProjectConfigurationPlatforms) = postSolution
		{CFC43FDC-B569-459A-8ED0-EE56B047319F}.Debug|Any CPU.ActiveCfg = Debug|Any CPU
		{CFC43FDC-B569-459A-8ED0-EE56B047319F}.Debug|Any CPU.Build.0 = Debug|Any CPU
		{CFC43FDC-B569-459A-8ED0-EE56B047319F}.Release|Any CPU.ActiveCfg = Release|Any CPU
		{CFC43FDC-B569-459A-8ED0-EE56B047319F}.Release|Any CPU.Build.0 = Release|Any CPU
	EndGlobalSection
	GlobalSection(SolutionProperties) = preSolution
		HideSolutionNode = FALSE
	EndGlobalSection
	GlobalSection(NestedProjects) = preSolution
		{CFC43FDC-B569-459A-8ED0-EE56B047319F} = {CA26CADB-B473-4F7C-A3F0-00CB1EEF4A81}
	EndGlobalSection
	GlobalSection(ExtensibilityGlobals) = postSolution
		SolutionGuid = {4422F363-D9E8-433B-9278-7AF9460F819E}
	EndGlobalSection
EndGlobal
